<?xml version="1.0" encoding="utf-8"?>
<Project ToolsVersion="4.0" xmlns="http://schemas.microsoft.com/developer/msbuild/2003">
  <ItemGroup>
    <Filter Include="Source Files">
      <UniqueIdentifier>{4FC737F1-C7A5-4376-A066-2A32D752A2FF}</UniqueIdentifier>
      <Extensions>cpp;c;cc;cxx;c++;cppm;ixx;def;odl;idl;hpj;bat;asm;asmx</Extensions>
    </Filter>
    <Filter Include="Header Files">
      <UniqueIdentifier>{93995380-89BD-4b04-88EB-625FBE52EBFB}</UniqueIdentifier>
      <Extensions>h;hh;hpp;hxx;h++;hm;inl;inc;ipp;xsd</Extensions>
    </Filter>
    <Filter Include="Resource Files">
      <UniqueIdentifier>{67DA6AB6-F800-4c08-8B7A-83BB121AAD01}</UniqueIdentifier>
      <Extensions>rc;ico;cur;bmp;dlg;rc2;rct;bin;rgs;gif;jpg;jpeg;jpe;resx;tiff;tif;png;wav;mfcribbon-ms</Extensions>
    </Filter>
    <Filter Include="Source Files\7z">
      <UniqueIdentifier>{1970de0c-29d5-4bca-90bd-f73f5a168e95}</UniqueIdentifier>
    </Filter>
    <Filter Include="Header Files\zip">
      <UniqueIdentifier>{c3d3cae1-eaec-42a6-aaa8-f3b398f15fe4}</UniqueIdentifier>
    </Filter>
  </ItemGroup>
  <ItemGroup>
    <ClCompile Include="Source.cpp">
      <Filter>Source Files</Filter>
    </ClCompile>
    <ClCompile Include="Lib\7zAlloc.c">
      <Filter>Source Files\7z</Filter>
    </ClCompile>
    <ClCompile Include="Lib\7zArcIn.c">
      <Filter>Source Files\7z</Filter>
    </ClCompile>
    <ClCompile Include="Lib\7zBuf.c">
      <Filter>Source Files\7z</Filter>
    </ClCompile>
    <ClCompile Include="Lib\7zBuf2.c">
      <Filter>Source Files\7z</Filter>
    </ClCompile>
    <ClCompile Include="Lib\7zCrc.c">
      <Filter>Source Files\7z</Filter>
    </ClCompile>
    <ClCompile Include="Lib\7zCrcOpt.c">
      <Filter>Source Files\7z</Filter>
    </ClCompile>
    <ClCompile Include="Lib\7zDec.c">
      <Filter>Source Files\7z</Filter>
    </ClCompile>
    <ClCompile Include="Lib\7zStream.c">
      <Filter>Source Files\7z</Filter>
    </ClCompile>
    <ClCompile Include="Lib\Alloc.c">
      <Filter>Source Files\7z</Filter>
    </ClCompile>
    <ClCompile Include="Lib\Bcj2.c">
      <Filter>Source Files\7z</Filter>
    </ClCompile>
    <ClCompile Include="Lib\Bcj2Enc.c">
      <Filter>Source Files\7z</Filter>
    </ClCompile>
    <ClCompile Include="Lib\Bra.c">
      <Filter>Source Files\7z</Filter>
    </ClCompile>
    <ClCompile Include="Lib\Bra86.c">
      <Filter>Source Files\7z</Filter>
    </ClCompile>
    <ClCompile Include="Lib\BraIA64.c">
      <Filter>Source Files\7z</Filter>
    </ClCompile>
    <ClCompile Include="Lib\CpuArch.c">
      <Filter>Source Files\7z</Filter>
    </ClCompile>
    <ClCompile Include="Lib\Delta.c">
      <Filter>Source Files\7z</Filter>
    </ClCompile>
    <ClCompile Include="Lib\DllSecur.c">
      <Filter>Source Files\7z</Filter>
    </ClCompile>
    <ClCompile Include="Lib\LzFind.c">
      <Filter>Source Files\7z</Filter>
    </ClCompile>
    <ClCompile Include="Lib\LzFindMt.c">
      <Filter>Source Files\7z</Filter>
    </ClCompile>
    <ClCompile Include="Lib\Lzma86Dec.c">
      <Filter>Source Files\7z</Filter>
    </ClCompile>
    <ClCompile Include="Lib\Lzma86Enc.c">
      <Filter>Source Files\7z</Filter>
    </ClCompile>
    <ClCompile Include="Lib\LzmaDec.c">
      <Filter>Source Files\7z</Filter>
    </ClCompile>
    <ClCompile Include="Lib\LzmaEnc.c">
      <Filter>Source Files\7z</Filter>
    </ClCompile>
    <ClCompile Include="Lib\LzmaLib.c">
      <Filter>Source Files\7z</Filter>
    </ClCompile>
    <ClCompile Include="Lib\Sort.c">
      <Filter>Source Files\7z</Filter>
    </ClCompile>
    <ClCompile Include="Lib\Threads.c">
      <Filter>Source Files\7z</Filter>
    </ClCompile>
  </ItemGroup>
  <ItemGroup>
    <ClInclude Include="rrf_read.h">
      <Filter>Header Files</Filter>
    </ClInclude>
    <ClInclude Include="rrf_shared.h">
      <Filter>Header Files</Filter>
    </ClInclude>
    <ClInclude Include="rrf_write.h">
      <Filter>Header Files</Filter>
    </ClInclude>
    <ClInclude Include="Lib\7z.h">
      <Filter>Header Files\zip</Filter>
    </ClInclude>
    <ClInclude Include="Lib\7zAlloc.h">
      <Filter>Header Files\zip</Filter>
    </ClInclude>
    <ClInclude Include="Lib\7zBuf.h">
      <Filter>Header Files\zip</Filter>
    </ClInclude>
    <ClInclude Include="Lib\7zCrc.h">
      <Filter>Header Files\zip</Filter>
    </ClInclude>
    <ClInclude Include="Lib\7zTypes.h">
      <Filter>Header Files\zip</Filter>
    </ClInclude>
    <ClInclude Include="Lib\7zVersion.h">
      <Filter>Header Files\zip</Filter>
    </ClInclude>
    <ClInclude Include="Lib\Alloc.h">
      <Filter>Header Files\zip</Filter>
    </ClInclude>
    <ClInclude Include="Lib\Bcj2.h">
      <Filter>Header Files\zip</Filter>
    </ClInclude>
    <ClInclude Include="Lib\Bra.h">
      <Filter>Header Files\zip</Filter>
    </ClInclude>
    <ClInclude Include="Lib\Compiler.h">
      <Filter>Header Files\zip</Filter>
    </ClInclude>
    <ClInclude Include="Lib\CpuArch.h">
      <Filter>Header Files\zip</Filter>
    </ClInclude>
    <ClInclude Include="Lib\Delta.h">
      <Filter>Header Files\zip</Filter>
    </ClInclude>
    <ClInclude Include="Lib\DllSecur.h">
      <Filter>Header Files\zip</Filter>
    </ClInclude>
    <ClInclude Include="Lib\LzFind.h">
      <Filter>Header Files\zip</Filter>
    </ClInclude>
    <ClInclude Include="Lib\LzFindMt.h">
      <Filter>Header Files\zip</Filter>
    </ClInclude>
    <ClInclude Include="Lib\LzHash.h">
      <Filter>Header Files\zip</Filter>
    </ClInclude>
    <ClInclude Include="Lib\Lzma86.h">
      <Filter>Header Files\zip</Filter>
    </ClInclude>
    <ClInclude Include="Lib\LzmaDec.h">
      <Filter>Header Files\zip</Filter>
    </ClInclude>
    <ClInclude Include="Lib\LzmaEnc.h">
      <Filter>Header Files\zip</Filter>
    </ClInclude>
    <ClInclude Include="Lib\LzmaLib.h">
      <Filter>Header Files\zip</Filter>
    </ClInclude>
    <ClInclude Include="Lib\Precomp.h">
      <Filter>Header Files\zip</Filter>
    </ClInclude>
    <ClInclude Include="Lib\RotateDefs.h">
      <Filter>Header Files\zip</Filter>
    </ClInclude>
    <ClInclude Include="Lib\Sort.h">
      <Filter>Header Files\zip</Filter>
    </ClInclude>
    <ClInclude Include="Lib\Threads.h">
      <Filter>Header Files\zip</Filter>
    </ClInclude>
  </ItemGroup>
</Project>